
Microsoft Visual Studio Solution File, Format Version 12.00
# Visual Studio Version 17
VisualStudioVersion = 17.8.34330.188
MinimumVisualStudioVersion = 10.0.40219.1
Project("{FAE04EC0-301F-11D3-BF4B-00C04F79EFBC}") = "DVLD_DataAccess", "..\DVLD_DataAccess\DVLD_DataAccess.csproj", "{BCB2319E-A89A-4042-8276-9D5EFE2735DD}"
EndProject
Project("{FAE04EC0-301F-11D3-BF4B-00C04F79EFBC}") = "DVLD_Business", "..\DVLD_Business\DVLD_Business.csproj", "{677758EF-9A95-49D4-8439-F12772FEA69F}"
EndProject
Project("{FAE04EC0-301F-11D3-BF4B-00C04F79EFBC}") = "DVLD_UI", "DVLD_UI.csproj", "{C9765A45-6F30-444F-A973-34C5D965D108}"
EndProject
Global
	GlobalSection(SolutionConfigurationPlatforms) = preSolution
		Debug|Any CPU = Debug|Any CPU
		Release|Any CPU = Release|Any CPU
	EndGlobalSection
	GlobalSection(ProjectConfigurationPlatforms) = postSolution
		{BCB2319E-A89A-4042-8276-9D5EFE2735DD}.Debug|Any CPU.ActiveCfg = Debug|Any CPU
		{BCB2319E-A89A-4042-8276-9D5EFE2735DD}.Debug|Any CPU.Build.0 = Debug|Any CPU
		{BCB2319E-A89A-4042-8276-9D5EFE2735DD}.Release|Any CPU.ActiveCfg = Release|Any CPU
		{BCB2319E-A89A-4042-8276-9D5EFE2735DD}.Release|Any CPU.Build.0 = Release|Any CPU
		{677758EF-9A95-49D4-8439-F12772FEA69F}.Debug|Any CPU.ActiveCfg = Debug|Any CPU
		{677758EF-9A95-49D4-8439-F12772FEA69F}.Debug|Any CPU.Build.0 = Debug|Any CPU
		{677758EF-9A95-49D4-8439-F12772FEA69F}.Release|Any CPU.ActiveCfg = Release|Any CPU
		{677758EF-9A95-49D4-8439-F12772FEA69F}.Release|Any CPU.Build.0 = Release|Any CPU
		{C9765A45-6F30-444F-A973-34C5D965D108}.Debug|Any CPU.ActiveCfg = Debug|Any CPU
		{C9765A45-6F30-444F-A973-34C5D965D108}.Debug|Any CPU.Build.0 = Debug|Any CPU
		{C9765A45-6F30-444F-A973-34C5D965D108}.Release|Any CPU.ActiveCfg = Release|Any CPU
		{C9765A45-6F30-444F-A973-34C5D965D108}.Release|Any CPU.Build.0 = Release|Any CPU
	EndGlobalSection
	GlobalSection(SolutionProperties) = preSolution
		HideSolutionNode = FALSE
	EndGlobalSection
	GlobalSection(ExtensibilityGlobals) = postSolution
		SolutionGuid = {792ACBBC-C33D-4407-B2DA-A402FBF0919F}
	EndGlobalSection
EndGlobal
